// !$*UTF8*$!
{
	archiveVersion = 1;
	classes = {
	};
	objectVersion = 46;
	objects = {

/* Begin PBXBuildFile section */
		630B7D511D7803FD00DFC592 /* CityViewController.m in Sources */ = {isa = PBXBuildFile; fileRef = 630B7D501D7803FD00DFC592 /* CityViewController.m */; };
		630B7D591D78232E00DFC592 /* CityViewModel.m in Sources */ = {isa = PBXBuildFile; fileRef = 630B7D581D78232E00DFC592 /* CityViewModel.m */; };
		630B7D5C1D78234600DFC592 /* CityModel.m in Sources */ = {isa = PBXBuildFile; fileRef = 630B7D5B1D78234600DFC592 /* CityModel.m */; };
		630B7D5F1D78273300DFC592 /* CityCell.m in Sources */ = {isa = PBXBuildFile; fileRef = 630B7D5E1D78273300DFC592 /* CityCell.m */; };
		630B7D621D7827D700DFC592 /* CityHeadView.m in Sources */ = {isa = PBXBuildFile; fileRef = 630B7D611D7827D700DFC592 /* CityHeadView.m */; };
		632FB8201D7561A5005D4654 /* main.m in Sources */ = {isa = PBXBuildFile; fileRef = 632FB81F1D7561A5005D4654 /* main.m */; };
		632FB8291D7561A5005D4654 /* Main.storyboard in Resources */ = {isa = PBXBuildFile; fileRef = 632FB8271D7561A5005D4654 /* Main.storyboard */; };
		632FB82B1D7561A5005D4654 /* Assets.xcassets in Resources */ = {isa = PBXBuildFile; fileRef = 632FB82A1D7561A5005D4654 /* Assets.xcassets */; };
		632FB82E1D7561A5005D4654 /* LaunchScreen.storyboard in Resources */ = {isa = PBXBuildFile; fileRef = 632FB82C1D7561A5005D4654 /* LaunchScreen.storyboard */; };
		632FB8381D756248005D4654 /* AppDelegate.m in Sources */ = {isa = PBXBuildFile; fileRef = 632FB8371D756248005D4654 /* AppDelegate.m */; };
		632FB83F1D756579005D4654 /* MainViewController.m in Sources */ = {isa = PBXBuildFile; fileRef = 632FB83E1D756579005D4654 /* MainViewController.m */; };
		632FB8471D756689005D4654 /* FinderViewController.m in Sources */ = {isa = PBXBuildFile; fileRef = 632FB8461D756689005D4654 /* FinderViewController.m */; };
		632FB84A1D756694005D4654 /* PersonViewController.m in Sources */ = {isa = PBXBuildFile; fileRef = 632FB8491D756694005D4654 /* PersonViewController.m */; };
		632FB8511D756C11005D4654 /* ClassViewController.m in Sources */ = {isa = PBXBuildFile; fileRef = 632FB84E1D756C11005D4654 /* ClassViewController.m */; };
		632FB8551D757460005D4654 /* SHNavgationView.m in Sources */ = {isa = PBXBuildFile; fileRef = 632FB8541D757460005D4654 /* SHNavgationView.m */; };
		635FFC111D76806D00E0CCA6 /* LocationView.m in Sources */ = {isa = PBXBuildFile; fileRef = 635FFC101D76806D00E0CCA6 /* LocationView.m */; };
		635FFC191D76AA6C00E0CCA6 /* LocationViewModel.m in Sources */ = {isa = PBXBuildFile; fileRef = 635FFC181D76AA6C00E0CCA6 /* LocationViewModel.m */; };
		635FFC1C1D76AA8300E0CCA6 /* LocationModel.m in Sources */ = {isa = PBXBuildFile; fileRef = 635FFC1B1D76AA8300E0CCA6 /* LocationModel.m */; };
		635FFC1F1D76DE3400E0CCA6 /* HttpTool.m in Sources */ = {isa = PBXBuildFile; fileRef = 635FFC1E1D76DE3400E0CCA6 /* HttpTool.m */; };
		CEEF56EE21C20D716039FC76 /* Pods_Guodong4.framework in Frameworks */ = {isa = PBXBuildFile; fileRef = 74C5505BBEB966DBB3337BF9 /* Pods_Guodong4.framework */; };
/* End PBXBuildFile section */

/* Begin PBXFileReference section */
		07DD6A221DC6237CF254ABE0 /* Pods-Guodong4.release.xcconfig */ = {isa = PBXFileReference; includeInIndex = 1; lastKnownFileType = text.xcconfig; name = "Pods-Guodong4.release.xcconfig"; path = "Pods/Target Support Files/Pods-Guodong4/Pods-Guodong4.release.xcconfig"; sourceTree = "<group>"; };
		630B7D4F1D7803FD00DFC592 /* CityViewController.h */ = {isa = PBXFileReference; fileEncoding = 4; lastKnownFileType = sourcecode.c.h; path = CityViewController.h; sourceTree = "<group>"; };
		630B7D501D7803FD00DFC592 /* CityViewController.m */ = {isa = PBXFileReference; fileEncoding = 4; lastKnownFileType = sourcecode.c.objc; path = CityViewController.m; sourceTree = "<group>"; };
		630B7D571D78232E00DFC592 /* CityViewModel.h */ = {isa = PBXFileReference; fileEncoding = 4; lastKnownFileType = sourcecode.c.h; path = CityViewModel.h; sourceTree = "<group>"; };
		630B7D581D78232E00DFC592 /* CityViewModel.m */ = {isa = PBXFileReference; fileEncoding = 4; lastKnownFileType = sourcecode.c.objc; path = CityViewModel.m; sourceTree = "<group>"; };
		630B7D5A1D78234600DFC592 /* CityModel.h */ = {isa = PBXFileReference; fileEncoding = 4; lastKnownFileType = sourcecode.c.h; path = CityModel.h; sourceTree = "<group>"; };
		630B7D5B1D78234600DFC592 /* CityModel.m */ = {isa = PBXFileReference; fileEncoding = 4; lastKnownFileType = sourcecode.c.objc; path = CityModel.m; sourceTree = "<group>"; };
		630B7D5D1D78273300DFC592 /* CityCell.h */ = {isa = PBXFileReference; fileEncoding = 4; lastKnownFileType = sourcecode.c.h; path = CityCell.h; sourceTree = "<group>"; };
		630B7D5E1D78273300DFC592 /* CityCell.m */ = {isa = PBXFileReference; fileEncoding = 4; lastKnownFileType = sourcecode.c.objc; path = CityCell.m; sourceTree = "<group>"; };
		630B7D601D7827D700DFC592 /* CityHeadView.h */ = {isa = PBXFileReference; fileEncoding = 4; lastKnownFileType = sourcecode.c.h; path = CityHeadView.h; sourceTree = "<group>"; };
		630B7D611D7827D700DFC592 /* CityHeadView.m */ = {isa = PBXFileReference; fileEncoding = 4; lastKnownFileType = sourcecode.c.objc; path = CityHeadView.m; sourceTree = "<group>"; };
		632FB81B1D7561A5005D4654 /* Guodong4.app */ = {isa = PBXFileReference; explicitFileType = wrapper.application; includeInIndex = 0; path = Guodong4.app; sourceTree = BUILT_PRODUCTS_DIR; };
		632FB81F1D7561A5005D4654 /* main.m */ = {isa = PBXFileReference; lastKnownFileType = sourcecode.c.objc; path = main.m; sourceTree = "<group>"; };
		632FB8281D7561A5005D4654 /* Base */ = {isa = PBXFileReference; lastKnownFileType = file.storyboard; name = Base; path = Base.lproj/Main.storyboard; sourceTree = "<group>"; };
		632FB82A1D7561A5005D4654 /* Assets.xcassets */ = {isa = PBXFileReference; lastKnownFileType = folder.assetcatalog; path = Assets.xcassets; sourceTree = "<group>"; };
		632FB82D1D7561A5005D4654 /* Base */ = {isa = PBXFileReference; lastKnownFileType = file.storyboard; name = Base; path = Base.lproj/LaunchScreen.storyboard; sourceTree = "<group>"; };
		632FB82F1D7561A5005D4654 /* Info.plist */ = {isa = PBXFileReference; lastKnownFileType = text.plist.xml; path = Info.plist; sourceTree = "<group>"; };
		632FB8361D756248005D4654 /* AppDelegate.h */ = {isa = PBXFileReference; fileEncoding = 4; lastKnownFileType = sourcecode.c.h; path = AppDelegate.h; sourceTree = "<group>"; };
		632FB8371D756248005D4654 /* AppDelegate.m */ = {isa = PBXFileReference; fileEncoding = 4; lastKnownFileType = sourcecode.c.objc; path = AppDelegate.m; sourceTree = "<group>"; };
		632FB83D1D756579005D4654 /* MainViewController.h */ = {isa = PBXFileReference; fileEncoding = 4; lastKnownFileType = sourcecode.c.h; path = MainViewController.h; sourceTree = "<group>"; };
		632FB83E1D756579005D4654 /* MainViewController.m */ = {isa = PBXFileReference; fileEncoding = 4; lastKnownFileType = sourcecode.c.objc; path = MainViewController.m; sourceTree = "<group>"; };
		632FB8411D756606005D4654 /* PrefixHeader.pch */ = {isa = PBXFileReference; fileEncoding = 4; lastKnownFileType = sourcecode.c.h; path = PrefixHeader.pch; sourceTree = "<group>"; };
		632FB8451D756689005D4654 /* FinderViewController.h */ = {isa = PBXFileReference; fileEncoding = 4; lastKnownFileType = sourcecode.c.h; path = FinderViewController.h; sourceTree = "<group>"; };
		632FB8461D756689005D4654 /* FinderViewController.m */ = {isa = PBXFileReference; fileEncoding = 4; lastKnownFileType = sourcecode.c.objc; path = FinderViewController.m; sourceTree = "<group>"; };
		632FB8481D756694005D4654 /* PersonViewController.h */ = {isa = PBXFileReference; fileEncoding = 4; lastKnownFileType = sourcecode.c.h; path = PersonViewController.h; sourceTree = "<group>"; };
		632FB8491D756694005D4654 /* PersonViewController.m */ = {isa = PBXFileReference; fileEncoding = 4; lastKnownFileType = sourcecode.c.objc; path = PersonViewController.m; sourceTree = "<group>"; };
		632FB84D1D756C11005D4654 /* ClassViewController.h */ = {isa = PBXFileReference; fileEncoding = 4; lastKnownFileType = sourcecode.c.h; path = ClassViewController.h; sourceTree = "<group>"; };
		632FB84E1D756C11005D4654 /* ClassViewController.m */ = {isa = PBXFileReference; fileEncoding = 4; lastKnownFileType = sourcecode.c.objc; path = ClassViewController.m; sourceTree = "<group>"; };
		632FB8531D757460005D4654 /* SHNavgationView.h */ = {isa = PBXFileReference; fileEncoding = 4; lastKnownFileType = sourcecode.c.h; path = SHNavgationView.h; sourceTree = "<group>"; };
		632FB8541D757460005D4654 /* SHNavgationView.m */ = {isa = PBXFileReference; fileEncoding = 4; lastKnownFileType = sourcecode.c.objc; path = SHNavgationView.m; sourceTree = "<group>"; };
		635FFC0F1D76806D00E0CCA6 /* LocationView.h */ = {isa = PBXFileReference; fileEncoding = 4; lastKnownFileType = sourcecode.c.h; path = LocationView.h; sourceTree = "<group>"; };
		635FFC101D76806D00E0CCA6 /* LocationView.m */ = {isa = PBXFileReference; fileEncoding = 4; lastKnownFileType = sourcecode.c.objc; path = LocationView.m; sourceTree = "<group>"; };
		635FFC171D76AA6C00E0CCA6 /* LocationViewModel.h */ = {isa = PBXFileReference; fileEncoding = 4; lastKnownFileType = sourcecode.c.h; path = LocationViewModel.h; sourceTree = "<group>"; };
		635FFC181D76AA6C00E0CCA6 /* LocationViewModel.m */ = {isa = PBXFileReference; fileEncoding = 4; lastKnownFileType = sourcecode.c.objc; path = LocationViewModel.m; sourceTree = "<group>"; };
		635FFC1A1D76AA8300E0CCA6 /* LocationModel.h */ = {isa = PBXFileReference; fileEncoding = 4; lastKnownFileType = sourcecode.c.h; path = LocationModel.h; sourceTree = "<group>"; };
		635FFC1B1D76AA8300E0CCA6 /* LocationModel.m */ = {isa = PBXFileReference; fileEncoding = 4; lastKnownFileType = sourcecode.c.objc; path = LocationModel.m; sourceTree = "<group>"; };
		635FFC1D1D76DE3400E0CCA6 /* HttpTool.h */ = {isa = PBXFileReference; fileEncoding = 4; lastKnownFileType = sourcecode.c.h; path = HttpTool.h; sourceTree = "<group>"; };
		635FFC1E1D76DE3400E0CCA6 /* HttpTool.m */ = {isa = PBXFileReference; fileEncoding = 4; lastKnownFileType = sourcecode.c.objc; path = HttpTool.m; sourceTree = "<group>"; };
		74C5505BBEB966DBB3337BF9 /* Pods_Guodong4.framework */ = {isa = PBXFileReference; explicitFileType = wrapper.framework; includeInIndex = 0; path = Pods_Guodong4.framework; sourceTree = BUILT_PRODUCTS_DIR; };
		B43347C7BD6813AE33F6A2C7 /* Pods-Guodong4.debug.xcconfig */ = {isa = PBXFileReference; includeInIndex = 1; lastKnownFileType = text.xcconfig; name = "Pods-Guodong4.debug.xcconfig"; path = "Pods/Target Support Files/Pods-Guodong4/Pods-Guodong4.debug.xcconfig"; sourceTree = "<group>"; };
/* End PBXFileReference section */

/* Begin PBXFrameworksBuildPhase section */
		632FB8181D7561A5005D4654 /* Frameworks */ = {
			isa = PBXFrameworksBuildPhase;
			buildActionMask = 2147483647;
			files = (
				CEEF56EE21C20D716039FC76 /* Pods_Guodong4.framework in Frameworks */,
			);
			runOnlyForDeploymentPostprocessing = 0;
		};
/* End PBXFrameworksBuildPhase section */

/* Begin PBXGroup section */
		11CFAF9531A7DB80B2E09B37 /* Frameworks */ = {
			isa = PBXGroup;
			children = (
				74C5505BBEB966DBB3337BF9 /* Pods_Guodong4.framework */,
			);
			name = Frameworks;
			sourceTree = "<group>";
		};
		630B7D4E1D7803F000DFC592 /* City */ = {
			isa = PBXGroup;
			children = (
				630B7D4F1D7803FD00DFC592 /* CityViewController.h */,
				630B7D501D7803FD00DFC592 /* CityViewController.m */,
				630B7D601D7827D700DFC592 /* CityHeadView.h */,
				630B7D611D7827D700DFC592 /* CityHeadView.m */,
				630B7D5D1D78273300DFC592 /* CityCell.h */,
				630B7D5E1D78273300DFC592 /* CityCell.m */,
				630B7D521D7822F200DFC592 /* Model */,
				630B7D531D7822F200DFC592 /* ViewModel */,
			);
			path = City;
			sourceTree = "<group>";
		};
		630B7D521D7822F200DFC592 /* Model */ = {
			isa = PBXGroup;
			children = (
				630B7D5A1D78234600DFC592 /* CityModel.h */,
				630B7D5B1D78234600DFC592 /* CityModel.m */,
			);
			path = Model;
			sourceTree = "<group>";
		};
		630B7D531D7822F200DFC592 /* ViewModel */ = {
			isa = PBXGroup;
			children = (
				630B7D571D78232E00DFC592 /* CityViewModel.h */,
				630B7D581D78232E00DFC592 /* CityViewModel.m */,
			);
			path = ViewModel;
			sourceTree = "<group>";
		};
		632FB8121D7561A5005D4654 = {
			isa = PBXGroup;
			children = (
				632FB81D1D7561A5005D4654 /* Guodong4 */,
				632FB81C1D7561A5005D4654 /* Products */,
				A3D8B00905274AA0589C0A96 /* Pods */,
				11CFAF9531A7DB80B2E09B37 /* Frameworks */,
			);
			sourceTree = "<group>";
		};
		632FB81C1D7561A5005D4654 /* Products */ = {
			isa = PBXGroup;
			children = (
				632FB81B1D7561A5005D4654 /* Guodong4.app */,
			);
			name = Products;
			sourceTree = "<group>";
		};
		632FB81D1D7561A5005D4654 /* Guodong4 */ = {
			isa = PBXGroup;
			children = (
				632FB8351D756248005D4654 /* AppDelegate */,
				632FB83C1D756563005D4654 /* Tabbar */,
				632FB8391D756286005D4654 /* Class */,
				632FB83A1D756286005D4654 /* Finder */,
				632FB83B1D756286005D4654 /* Person */,
				632FB8521D756FCA005D4654 /* Common Files */,
				632FB81E1D7561A5005D4654 /* Supporting Files */,
			);
			path = Guodong4;
			sourceTree = "<group>";
		};
		632FB81E1D7561A5005D4654 /* Supporting Files */ = {
			isa = PBXGroup;
			children = (
				632FB82F1D7561A5005D4654 /* Info.plist */,
				632FB8271D7561A5005D4654 /* Main.storyboard */,
				632FB82A1D7561A5005D4654 /* Assets.xcassets */,
				632FB82C1D7561A5005D4654 /* LaunchScreen.storyboard */,
				632FB81F1D7561A5005D4654 /* main.m */,
			);
			name = "Supporting Files";
			sourceTree = "<group>";
		};
		632FB8351D756248005D4654 /* AppDelegate */ = {
			isa = PBXGroup;
			children = (
				632FB8361D756248005D4654 /* AppDelegate.h */,
				632FB8371D756248005D4654 /* AppDelegate.m */,
				632FB8411D756606005D4654 /* PrefixHeader.pch */,
			);
			path = AppDelegate;
			sourceTree = "<group>";
		};
		632FB8391D756286005D4654 /* Class */ = {
			isa = PBXGroup;
			children = (
				630B7D4E1D7803F000DFC592 /* City */,
				632FB84B1D756C11005D4654 /* Action */,
				632FB84C1D756C11005D4654 /* Class */,
				632FB84F1D756C11005D4654 /* Location */,
				632FB8501D756C11005D4654 /* Recharge */,
			);
			path = Class;
			sourceTree = "<group>";
		};
		632FB83A1D756286005D4654 /* Finder */ = {
			isa = PBXGroup;
			children = (
				632FB8451D756689005D4654 /* FinderViewController.h */,
				632FB8461D756689005D4654 /* FinderViewController.m */,
			);
			path = Finder;
			sourceTree = "<group>";
		};
		632FB83B1D756286005D4654 /* Person */ = {
			isa = PBXGroup;
			children = (
				632FB8481D756694005D4654 /* PersonViewController.h */,
				632FB8491D756694005D4654 /* PersonViewController.m */,
			);
			path = Person;
			sourceTree = "<group>";
		};
		632FB83C1D756563005D4654 /* Tabbar */ = {
			isa = PBXGroup;
			children = (
				632FB83D1D756579005D4654 /* MainViewController.h */,
				632FB83E1D756579005D4654 /* MainViewController.m */,
			);
			path = Tabbar;
			sourceTree = "<group>";
		};
		632FB84B1D756C11005D4654 /* Action */ = {
			isa = PBXGroup;
			children = (
			);
			path = Action;
			sourceTree = "<group>";
		};
		632FB84C1D756C11005D4654 /* Class */ = {
			isa = PBXGroup;
			children = (
				632FB84D1D756C11005D4654 /* ClassViewController.h */,
				632FB84E1D756C11005D4654 /* ClassViewController.m */,
			);
			path = Class;
			sourceTree = "<group>";
		};
		632FB84F1D756C11005D4654 /* Location */ = {
			isa = PBXGroup;
			children = (
				635FFC0F1D76806D00E0CCA6 /* LocationView.h */,
				635FFC101D76806D00E0CCA6 /* LocationView.m */,
				635FFC121D769F2600E0CCA6 /* Model */,
				635FFC131D769F2600E0CCA6 /* ViewModel */,
			);
			path = Location;
			sourceTree = "<group>";
		};
		632FB8501D756C11005D4654 /* Recharge */ = {
			isa = PBXGroup;
			children = (
			);
			path = Recharge;
			sourceTree = "<group>";
		};
		632FB8521D756FCA005D4654 /* Common Files */ = {
			isa = PBXGroup;
			children = (
				632FB8531D757460005D4654 /* SHNavgationView.h */,
				632FB8541D757460005D4654 /* SHNavgationView.m */,
				635FFC1D1D76DE3400E0CCA6 /* HttpTool.h */,
				635FFC1E1D76DE3400E0CCA6 /* HttpTool.m */,
			);
			path = "Common Files";
			sourceTree = "<group>";
		};
		635FFC121D769F2600E0CCA6 /* Model */ = {
			isa = PBXGroup;
			children = (
				635FFC1A1D76AA8300E0CCA6 /* LocationModel.h */,
				635FFC1B1D76AA8300E0CCA6 /* LocationModel.m */,
			);
			path = Model;
			sourceTree = "<group>";
		};
		635FFC131D769F2600E0CCA6 /* ViewModel */ = {
			isa = PBXGroup;
			children = (
				635FFC171D76AA6C00E0CCA6 /* LocationViewModel.h */,
				635FFC181D76AA6C00E0CCA6 /* LocationViewModel.m */,
			);
			path = ViewModel;
			sourceTree = "<group>";
		};
		A3D8B00905274AA0589C0A96 /* Pods */ = {
			isa = PBXGroup;
			children = (
				B43347C7BD6813AE33F6A2C7 /* Pods-Guodong4.debug.xcconfig */,
				07DD6A221DC6237CF254ABE0 /* Pods-Guodong4.release.xcconfig */,
			);
			name = Pods;
			sourceTree = "<group>";
		};
/* End PBXGroup section */

/* Begin PBXNativeTarget section */
		632FB81A1D7561A5005D4654 /* Guodong4 */ = {
			isa = PBXNativeTarget;
			buildConfigurationList = 632FB8321D7561A5005D4654 /* Build configuration list for PBXNativeTarget "Guodong4" */;
			buildPhases = (
				3A9DC5AD2D23B07F0C7F7087 /* [CP] Check Pods Manifest.lock */,
				632FB8171D7561A5005D4654 /* Sources */,
				632FB8181D7561A5005D4654 /* Frameworks */,
				632FB8191D7561A5005D4654 /* Resources */,
				F0D5072E5B0EF243C201C7B7 /* [CP] Embed Pods Frameworks */,
				EE0CF0EB02E07B73CBC74517 /* [CP] Copy Pods Resources */,
			);
			buildRules = (
			);
			dependencies = (
			);
			name = Guodong4;
			productName = Guodong4;
			productReference = 632FB81B1D7561A5005D4654 /* Guodong4.app */;
			productType = "com.apple.product-type.application";
		};
/* End PBXNativeTarget section */

/* Begin PBXProject section */
		632FB8131D7561A5005D4654 /* Project object */ = {
			isa = PBXProject;
			attributes = {
				LastUpgradeCheck = 0730;
				ORGANIZATIONNAME = "Hao Sheng";
				TargetAttributes = {
					632FB81A1D7561A5005D4654 = {
						CreatedOnToolsVersion = 7.3.1;
						DevelopmentTeam = W3F8ZLM4DL;
					};
				};
			};
			buildConfigurationList = 632FB8161D7561A5005D4654 /* Build configuration list for PBXProject "Guodong4" */;
			compatibilityVersion = "Xcode 3.2";
			developmentRegion = English;
			hasScannedForEncodings = 0;
			knownRegions = (
				en,
				Base,
			);
			mainGroup = 632FB8121D7561A5005D4654;
			productRefGroup = 632FB81C1D7561A5005D4654 /* Products */;
			projectDirPath = "";
			projectRoot = "";
			targets = (
				632FB81A1D7561A5005D4654 /* Guodong4 */,
			);
		};
/* End PBXProject section */

/* Begin PBXResourcesBuildPhase section */
		632FB8191D7561A5005D4654 /* Resources */ = {
			isa = PBXResourcesBuildPhase;
			buildActionMask = 2147483647;
			files = (
				632FB82E1D7561A5005D4654 /* LaunchScreen.storyboard in Resources */,
				632FB82B1D7561A5005D4654 /* Assets.xcassets in Resources */,
				632FB8291D7561A5005D4654 /* Main.storyboard in Resources */,
			);
			runOnlyForDeploymentPostprocessing = 0;
		};
/* End PBXResourcesBuildPhase section */

/* Begin PBXShellScriptBuildPhase section */
		3A9DC5AD2D23B07F0C7F7087 /* [CP] Check Pods Manifest.lock */ = {
			isa = PBXShellScriptBuildPhase;
			buildActionMask = 2147483647;
			files = (
			);
			inputPaths = (
			);
			name = "[CP] Check Pods Manifest.lock";
			outputPaths = (
			);
			runOnlyForDeploymentPostprocessing = 0;
			shellPath = /bin/sh;
			shellScript = "diff \"${PODS_ROOT}/../Podfile.lock\" \"${PODS_ROOT}/Manifest.lock\" > /dev/null\nif [[ $? != 0 ]] ; then\n    cat << EOM\nerror: The sandbox is not in sync with the Podfile.lock. Run 'pod install' or update your CocoaPods installation.\nEOM\n    exit 1\nfi\n";
			showEnvVarsInLog = 0;
		};
		EE0CF0EB02E07B73CBC74517 /* [CP] Copy Pods Resources */ = {
			isa = PBXShellScriptBuildPhase;
			buildActionMask = 2147483647;
			files = (
			);
			inputPaths = (
			);
			name = "[CP] Copy Pods Resources";
			outputPaths = (
			);
			runOnlyForDeploymentPostprocessing = 0;
			shellPath = /bin/sh;
			shellScript = "\"${SRCROOT}/Pods/Target Support Files/Pods-Guodong4/Pods-Guodong4-resources.sh\"\n";
			showEnvVarsInLog = 0;
		};
		F0D5072E5B0EF243C201C7B7 /* [CP] Embed Pods Frameworks */ = {
			isa = PBXShellScriptBuildPhase;
			buildActionMask = 2147483647;
			files = (
			);
			inputPaths = (
			);
			name = "[CP] Embed Pods Frameworks";
			outputPaths = (
			);
			runOnlyForDeploymentPostprocessing = 0;
			shellPath = /bin/sh;
			shellScript = "\"${SRCROOT}/Pods/Target Support Files/Pods-Guodong4/Pods-Guodong4-frameworks.sh\"\n";
			showEnvVarsInLog = 0;
		};
/* End PBXShellScriptBuildPhase section */

/* Begin PBXSourcesBuildPhase section */
		632FB8171D7561A5005D4654 /* Sources */ = {
			isa = PBXSourcesBuildPhase;
			buildActionMask = 2147483647;
			files = (
				632FB8471D756689005D4654 /* FinderViewController.m in Sources */,
				630B7D5F1D78273300DFC592 /* CityCell.m in Sources */,
				632FB8381D756248005D4654 /* AppDelegate.m in Sources */,
				630B7D591D78232E00DFC592 /* CityViewModel.m in Sources */,
				632FB83F1D756579005D4654 /* MainViewController.m in Sources */,
				630B7D5C1D78234600DFC592 /* CityModel.m in Sources */,
				630B7D511D7803FD00DFC592 /* CityViewController.m in Sources */,
				632FB8201D7561A5005D4654 /* main.m in Sources */,
				635FFC191D76AA6C00E0CCA6 /* LocationViewModel.m in Sources */,
				632FB84A1D756694005D4654 /* PersonViewController.m in Sources */,
				635FFC1C1D76AA8300E0CCA6 /* LocationModel.m in Sources */,
				635FFC111D76806D00E0CCA6 /* LocationView.m in Sources */,
				635FFC1F1D76DE3400E0CCA6 /* HttpTool.m in Sources */,
				632FB8511D756C11005D4654 /* ClassViewController.m in Sources */,
				632FB8551D757460005D4654 /* SHNavgationView.m in Sources */,
				630B7D621D7827D700DFC592 /* CityHeadView.m in Sources */,
			);
			runOnlyForDeploymentPostprocessing = 0;
		};
/* End PBXSourcesBuildPhase section */

/* Begin PBXVariantGroup section */
		632FB8271D7561A5005D4654 /* Main.storyboard */ = {
			isa = PBXVariantGroup;
			children = (
				632FB8281D7561A5005D4654 /* Base */,
			);
			name = Main.storyboard;
			sourceTree = "<group>";
		};
		632FB82C1D7561A5005D4654 /* LaunchScreen.storyboard */ = {
			isa = PBXVariantGroup;
			children = (
				632FB82D1D7561A5005D4654 /* Base */,
			);
			name = LaunchScreen.storyboard;
			sourceTree = "<group>";
		};
/* End PBXVariantGroup section */

/* Begin XCBuildConfiguration section */
		632FB8301D7561A5005D4654 /* Debug */ = {
			isa = XCBuildConfiguration;
			buildSettings = {
				ALWAYS_SEARCH_USER_PATHS = NO;
				CLANG_ANALYZER_NONNULL = YES;
				CLANG_CXX_LANGUAGE_STANDARD = "gnu++0x";
				CLANG_CXX_LIBRARY = "libc++";
				CLANG_ENABLE_MODULES = YES;
				CLANG_ENABLE_OBJC_ARC = YES;
				CLANG_WARN_BOOL_CONVERSION = YES;
				CLANG_WARN_CONSTANT_CONVERSION = YES;
				CLANG_WARN_DIRECT_OBJC_ISA_USAGE = YES_ERROR;
				CLANG_WARN_EMPTY_BODY = YES;
				CLANG_WARN_ENUM_CONVERSION = YES;
				CLANG_WARN_INT_CONVERSION = YES;
				CLANG_WARN_OBJC_ROOT_CLASS = YES_ERROR;
				CLANG_WARN_UNREACHABLE_CODE = YES;
				CLANG_WARN__DUPLICATE_METHOD_MATCH = YES;
				"CODE_SIGN_IDENTITY[sdk=iphoneos*]" = "iPhone Developer";
				COPY_PHASE_STRIP = NO;
				DEBUG_INFORMATION_FORMAT = dwarf;
				ENABLE_STRICT_OBJC_MSGSEND = YES;
				ENABLE_TESTABILITY = YES;
				GCC_C_LANGUAGE_STANDARD = gnu99;
				GCC_DYNAMIC_NO_PIC = NO;
				GCC_NO_COMMON_BLOCKS = YES;
				GCC_OPTIMIZATION_LEVEL = 0;
				GCC_PREPROCESSOR_DEFINITIONS = (
					"DEBUG=1",
					"$(inherited)",
				);
				GCC_WARN_64_TO_32_BIT_CONVERSION = YES;
				GCC_WARN_ABOUT_RETURN_TYPE = YES_ERROR;
				GCC_WARN_UNDECLARED_SELECTOR = YES;
				GCC_WARN_UNINITIALIZED_AUTOS = YES_AGGRESSIVE;
				GCC_WARN_UNUSED_FUNCTION = YES;
				GCC_WARN_UNUSED_VARIABLE = YES;
				IPHONEOS_DEPLOYMENT_TARGET = 9.3;
				MTL_ENABLE_DEBUG_INFO = YES;
				ONLY_ACTIVE_ARCH = YES;
				SDKROOT = iphoneos;
			};
			name = Debug;
		};
		632FB8311D7561A5005D4654 /* Release */ = {
			isa = XCBuildConfiguration;
			buildSettings = {
				ALWAYS_SEARCH_USER_PATHS = NO;
				CLANG_ANALYZER_NONNULL = YES;
				CLANG_CXX_LANGUAGE_STANDARD = "gnu++0x";
				CLANG_CXX_LIBRARY = "libc++";
				CLANG_ENABLE_MODULES = YES;
				CLANG_ENABLE_OBJC_ARC = YES;
				CLANG_WARN_BOOL_CONVERSION = YES;
				CLANG_WARN_CONSTANT_CONVERSION = YES;
				CLANG_WARN_DIRECT_OBJC_ISA_USAGE = YES_ERROR;
				CLANG_WARN_EMPTY_BODY = YES;
				CLANG_WARN_ENUM_CONVERSION = YES;
				CLANG_WARN_INT_CONVERSION = YES;
				CLANG_WARN_OBJC_ROOT_CLASS = YES_ERROR;
				CLANG_WARN_UNREACHABLE_CODE = YES;
				CLANG_WARN__DUPLICATE_METHOD_MATCH = YES;
				"CODE_SIGN_IDENTITY[sdk=iphoneos*]" = "iPhone Developer";
				COPY_PHASE_STRIP = NO;
				DEBUG_INFORMATION_FORMAT = "dwarf-with-dsym";
				ENABLE_NS_ASSERTIONS = NO;
				ENABLE_STRICT_OBJC_MSGSEND = YES;
				GCC_C_LANGUAGE_STANDARD = gnu99;
				GCC_NO_COMMON_BLOCKS = YES;
				GCC_WARN_64_TO_32_BIT_CONVERSION = YES;
				GCC_WARN_ABOUT_RETURN_TYPE = YES_ERROR;
				GCC_WARN_UNDECLARED_SELECTOR = YES;
				GCC_WARN_UNINITIALIZED_AUTOS = YES_AGGRESSIVE;
				GCC_WARN_UNUSED_FUNCTION = YES;
				GCC_WARN_UNUSED_VARIABLE = YES;
				IPHONEOS_DEPLOYMENT_TARGET = 9.3;
				MTL_ENABLE_DEBUG_INFO = NO;
				SDKROOT = iphoneos;
				VALIDATE_PRODUCT = YES;
			};
			name = Release;
		};
		632FB8331D7561A5005D4654 /* Debug */ = {
			isa = XCBuildConfiguration;
			baseConfigurationReference = B43347C7BD6813AE33F6A2C7 /* Pods-Guodong4.debug.xcconfig */;
			buildSettings = {
				ASSETCATALOG_COMPILER_APPICON_NAME = AppIcon;
				ASSETCATALOG_COMPILER_LAUNCHIMAGE_NAME = LaunchImage;
				CODE_SIGN_IDENTITY = "iPhone Developer";
				GCC_PRECOMPILE_PREFIX_HEADER = YES;
				GCC_PREFIX_HEADER = "$(SRCROOT)/Guodong4/AppDelegate/PrefixHeader.pch";
				INFOPLIST_FILE = Guodong4/Info.plist;
				LD_RUNPATH_SEARCH_PATHS = "$(inherited) @executable_path/Frameworks";
				PRODUCT_BUNDLE_IDENTIFIER = com.guodong.user;
				PRODUCT_NAME = "$(TARGET_NAME)";
			};
			name = Debug;
		};
		632FB8341D7561A5005D4654 /* Release */ = {
			isa = XCBuildConfiguration;
			baseConfigurationReference = 07DD6A221DC6237CF254ABE0 /* Pods-Guodong4.release.xcconfig */;
			buildSettings = {
				ASSETCATALOG_COMPILER_APPICON_NAME = AppIcon;
				ASSETCATALOG_COMPILER_LAUNCHIMAGE_NAME = LaunchImage;
				CODE_SIGN_IDENTITY = "iPhone Developer";
				GCC_PRECOMPILE_PREFIX_HEADER = YES;
				GCC_PREFIX_HEADER = "$(SRCROOT)/Guodong4/AppDelegate/PrefixHeader.pch";
				INFOPLIST_FILE = Guodong4/Info.plist;
				LD_RUNPATH_SEARCH_PATHS = "$(inherited) @executable_path/Frameworks";
				PRODUCT_BUNDLE_IDENTIFIER = com.guodong.user;
				PRODUCT_NAME = "$(TARGET_NAME)";
			};
			name = Release;
		};
/* End XCBuildConfiguration section */

/* Begin XCConfigurationList section */
		632FB8161D7561A5005D4654 /* Build configuration list for PBXProject "Guodong4" */ = {
			isa = XCConfigurationList;
			buildConfigurations = (
				632FB8301D7561A5005D4654 /* Debug */,
				632FB8311D7561A5005D4654 /* Release */,
			);
			defaultConfigurationIsVisible = 0;
			defaultConfigurationName = Release;
		};
		632FB8321D7561A5005D4654 /* Build configuration list for PBXNativeTarget "Guodong4" */ = {
			isa = XCConfigurationList;
			buildConfigurations = (
				632FB8331D7561A5005D4654 /* Debug */,
				632FB8341D7561A5005D4654 /* Release */,
			);
			defaultConfigurationIsVisible = 0;
			defaultConfigurationName = Release;
		};
/* End XCConfigurationList section */
	};
	rootObject = 632FB8131D7561A5005D4654 /* Project object */;
}
